<?xml version="1.0" encoding="utf-8"?>
<Project ToolsVersion="4.0" xmlns="http://schemas.microsoft.com/developer/msbuild/2003">
  <ItemGroup>
    <Filter Include="Source Files">
      <UniqueIdentifier>{4FC737F1-C7A5-4376-A066-2A32D752A2FF}</UniqueIdentifier>
      <Extensions>cpp;c;cc;cxx;c++;cppm;ixx;def;odl;idl;hpj;bat;asm;asmx</Extensions>
    </Filter>
    <Filter Include="Header Files">
      <UniqueIdentifier>{93995380-89BD-4b04-88EB-625FBE52EBFB}</UniqueIdentifier>
      <Extensions>h;hh;hpp;hxx;h++;hm;inl;inc;ipp;xsd</Extensions>
    </Filter>
    <Filter Include="Resource Files">
      <UniqueIdentifier>{67DA6AB6-F800-4c08-8B7A-83BB121AAD01}</UniqueIdentifier>
      <Extensions>rc;ico;cur;bmp;dlg;rc2;rct;bin;rgs;gif;jpg;jpeg;jpe;resx;tiff;tif;png;wav;mfcribbon-ms</Extensions>
    </Filter>
    <Filter Include="Source Files\Manager">
      <UniqueIdentifier>{b0848033-fa53-4fb0-a808-1b1e51500fac}</UniqueIdentifier>
    </Filter>
    <Filter Include="Header Files\Manager">
      <UniqueIdentifier>{876b4bff-97c3-4b0c-9375-a0e4ecfd9e06}</UniqueIdentifier>
    </Filter>
    <Filter Include="Source Files\Manager\StartManager">
      <UniqueIdentifier>{8745760c-f1d2-4347-81e8-34e6d3a4c2ab}</UniqueIdentifier>
    </Filter>
    <Filter Include="Header Files\Manager\StartManager">
      <UniqueIdentifier>{9c4e9aa3-631b-43cf-86bf-9f81c5fd96c8}</UniqueIdentifier>
    </Filter>
    <Filter Include="Header Files\Manager\ComponentsManager">
      <UniqueIdentifier>{4b0983b1-0c39-4fc6-b9e3-c00dcd31a40a}</UniqueIdentifier>
    </Filter>
    <Filter Include="Source Files\Manager\ComponentManager">
      <UniqueIdentifier>{bfeb9038-46e0-4c78-b875-a13dcfddda39}</UniqueIdentifier>
    </Filter>
  </ItemGroup>
  <ItemGroup>
    <ClCompile Include="Engine.cpp">
      <Filter>Source Files</Filter>
    </ClCompile>
    <ClCompile Include="first_app.cpp">
      <Filter>Source Files</Filter>
    </ClCompile>
    <ClCompile Include="sources\GameObject\GameObject.cpp">
      <Filter>Source Files</Filter>
    </ClCompile>
    <ClCompile Include="sources\keyboard_movement_controller.cpp">
      <Filter>Source Files</Filter>
    </ClCompile>
    <ClCompile Include="sources\lve_buffer.cpp">
      <Filter>Source Files</Filter>
    </ClCompile>
    <ClCompile Include="sources\lve_camera.cpp">
      <Filter>Source Files</Filter>
    </ClCompile>
    <ClCompile Include="sources\lve_descriptors.cpp">
      <Filter>Source Files</Filter>
    </ClCompile>
    <ClCompile Include="sources\lve_device.cpp">
      <Filter>Source Files</Filter>
    </ClCompile>
    <ClCompile Include="sources\lve_frame_info.cpp">
      <Filter>Source Files</Filter>
    </ClCompile>
    <ClCompile Include="sources\lve_game_object.cpp">
      <Filter>Source Files</Filter>
    </ClCompile>
    <ClCompile Include="sources\lve_model.cpp">
      <Filter>Source Files</Filter>
    </ClCompile>
    <ClCompile Include="sources\lve_pipeline.cpp">
      <Filter>Source Files</Filter>
    </ClCompile>
    <ClCompile Include="sources\lve_renderer.cpp">
      <Filter>Source Files</Filter>
    </ClCompile>
    <ClCompile Include="sources\lve_swap_chain.cpp">
      <Filter>Source Files</Filter>
    </ClCompile>
    <ClCompile Include="sources\lve_utils.cpp">
      <Filter>Source Files</Filter>
    </ClCompile>
    <ClCompile Include="sources\lve_window.cpp">
      <Filter>Source Files</Filter>
    </ClCompile>
    <ClCompile Include="sources\SubSystem.cpp">
      <Filter>Source Files</Filter>
    </ClCompile>
    <ClCompile Include="sources\Managers\AudioManager.cpp">
      <Filter>Source Files</Filter>
    </ClCompile>
    <ClCompile Include="sources\Managers\ColliderManager.cpp">
      <Filter>Source Files</Filter>
    </ClCompile>
    <ClCompile Include="sources\Managers\CollisionManager.cpp">
      <Filter>Source Files</Filter>
    </ClCompile>
    <ClCompile Include="sources\Managers\DebugManager.cpp">
      <Filter>Source Files</Filter>
    </ClCompile>
    <ClCompile Include="sources\Managers\InputManager.cpp">
      <Filter>Source Files</Filter>
    </ClCompile>
    <ClCompile Include="sources\Managers\RenderManager.cpp">
      <Filter>Source Files</Filter>
    </ClCompile>
    <ClCompile Include="sources\Managers\RessourceManager.cpp">
      <Filter>Source Files</Filter>
    </ClCompile>
    <ClCompile Include="sources\Managers\RigidbodyManager.cpp">
      <Filter>Source Files</Filter>
    </ClCompile>
    <ClCompile Include="sources\Managers\SceneManager.cpp">
      <Filter>Source Files</Filter>
    </ClCompile>
    <ClCompile Include="sources\Managers\TextureManager.cpp">
      <Filter>Source Files</Filter>
    </ClCompile>
    <ClCompile Include="sources\Systems\point_light_system.cpp">
      <Filter>Source Files</Filter>
    </ClCompile>
    <ClCompile Include="sources\Systems\simple_render_system.cpp">
      <Filter>Source Files</Filter>
    </ClCompile>
  </ItemGroup>
  <ItemGroup>
    <ClInclude Include="first_app.h">
      <Filter>Header Files</Filter>
    </ClInclude>
    <ClCompile Include="EngineTestCode.cpp">
      <Filter>Source Files</Filter>
    </ClCompile>
    <ClInclude Include="includes\keyboard_movement_controller.h">
      <Filter>Header Files</Filter>
    </ClInclude>
    <ClInclude Include="includes\lve_buffer.h">
      <Filter>Header Files</Filter>
    </ClInclude>
    <ClInclude Include="includes\lve_camera.h">
      <Filter>Header Files</Filter>
    </ClInclude>
    <ClInclude Include="includes\lve_descriptors.h">
      <Filter>Header Files</Filter>
    </ClInclude>
    <ClInclude Include="includes\lve_device.h">
      <Filter>Header Files</Filter>
    </ClInclude>
    <ClInclude Include="includes\lve_frame_info.h">
      <Filter>Header Files</Filter>
    </ClInclude>
    <ClInclude Include="includes\lve_game_object.h">
      <Filter>Header Files</Filter>
    </ClInclude>
    <ClInclude Include="includes\lve_model.h">
      <Filter>Header Files</Filter>
    </ClInclude>
    <ClInclude Include="includes\lve_pipeline.h">
      <Filter>Header Files</Filter>
    </ClInclude>
    <ClInclude Include="includes\lve_renderer.h">
      <Filter>Header Files</Filter>
    </ClInclude>
    <ClInclude Include="includes\lve_swap_chain.h">
      <Filter>Header Files</Filter>
    </ClInclude>
    <ClInclude Include="includes\lve_utils.h">
      <Filter>Header Files</Filter>
    </ClInclude>
    <ClInclude Include="includes\lve_window.h">
      <Filter>Header Files</Filter>
    </ClInclude>
    <ClInclude Include="includes\SubSystem.h">
      <Filter>Header Files</Filter>
    </ClInclude>
    <ClInclude Include="includes\Systems\simple_render_system.h">
      <Filter>Header Files</Filter>
    </ClInclude>
    <ClInclude Include="includes\Systems\point_light_system.h">
      <Filter>Header Files</Filter>
    </ClInclude>
    <ClInclude Include="includes\GameObject\GameObject.h">
      <Filter>Header Files</Filter>
    </ClInclude>
    <ClInclude Include="includes\Managers\AudioManager.h">
      <Filter>Header Files</Filter>
    </ClInclude>
    <ClInclude Include="includes\Managers\ColliderManager.h">
      <Filter>Header Files</Filter>
    </ClInclude>
    <ClInclude Include="includes\Managers\CollisionManager.h">
      <Filter>Header Files</Filter>
    </ClInclude>
    <ClInclude Include="includes\Managers\DebugManager.h">
      <Filter>Header Files</Filter>
    </ClInclude>
    <ClInclude Include="includes\Managers\InputManager.h">
      <Filter>Header Files</Filter>
    </ClInclude>
    <ClInclude Include="includes\Managers\RenderManager.h">
      <Filter>Header Files</Filter>
    </ClInclude>
    <ClInclude Include="includes\Managers\RessourceManager.h">
      <Filter>Header Files</Filter>
    </ClInclude>
    <ClInclude Include="includes\Managers\RigidbodyManager.h">
      <Filter>Header Files</Filter>
    </ClInclude>
    <ClInclude Include="includes\Managers\SceneManager.h">
      <Filter>Header Files</Filter>
    </ClInclude>
    <ClInclude Include="includes\Managers\TextureManager.h">
      <Filter>Header Files</Filter>
    </ClInclude>
  </ItemGroup>
  <ItemGroup>
    <ClInclude Include="EngineTestCode.h">
      <Filter>Header Files</Filter>
    </ClInclude>
  </ItemGroup>
</Project>